// !$*UTF8*$!
{
	archiveVersion = 1;
	classes = {
	};
	objectVersion = 56;
	objects = {

/* Begin PBXBuildFile section */
		4B2ECF3C28EA341300F6636D /* AppDelegate.swift in Sources */ = {isa = PBXBuildFile; fileRef = 4B2ECF3B28EA341300F6636D /* AppDelegate.swift */; };
		4B2ECF4328EA341300F6636D /* Main.storyboard in Resources */ = {isa = PBXBuildFile; fileRef = 4B2ECF4128EA341300F6636D /* Main.storyboard */; };
		4B2ECF4528EA341500F6636D /* Assets.xcassets in Resources */ = {isa = PBXBuildFile; fileRef = 4B2ECF4428EA341500F6636D /* Assets.xcassets */; };
		4B2ECF4828EA341500F6636D /* LaunchScreen.storyboard in Resources */ = {isa = PBXBuildFile; fileRef = 4B2ECF4628EA341500F6636D /* LaunchScreen.storyboard */; };
		4BBD6E072967965D00F16701 /* Person.swift in Sources */ = {isa = PBXBuildFile; fileRef = 4BBD6E062967965D00F16701 /* Person.swift */; };
		4BE1ACF029683FEB0049DC84 /* DataManager.swift in Sources */ = {isa = PBXBuildFile; fileRef = 4BE1ACEF29683FEB0049DC84 /* DataManager.swift */; };
		4BE1ACF929684EC70049DC84 /* TabBarViewController.swift in Sources */ = {isa = PBXBuildFile; fileRef = 4BE1ACF829684EC70049DC84 /* TabBarViewController.swift */; };
		4BE1ACFF296852A10049DC84 /* ContactListViewController.swift in Sources */ = {isa = PBXBuildFile; fileRef = 4BE1ACFE296852A10049DC84 /* ContactListViewController.swift */; };
		4BE1AD01296852B40049DC84 /* SectionTableViewController.swift in Sources */ = {isa = PBXBuildFile; fileRef = 4BE1AD00296852B40049DC84 /* SectionTableViewController.swift */; };
		4BE1AD03296855380049DC84 /* ContactDetailsViewController.swift in Sources */ = {isa = PBXBuildFile; fileRef = 4BE1AD02296855380049DC84 /* ContactDetailsViewController.swift */; };
/* End PBXBuildFile section */

/* Begin PBXFileReference section */
		4B2ECF3828EA341300F6636D /* PersonsList.app */ = {isa = PBXFileReference; explicitFileType = wrapper.application; includeInIndex = 0; path = PersonsList.app; sourceTree = BUILT_PRODUCTS_DIR; };
		4B2ECF3B28EA341300F6636D /* AppDelegate.swift */ = {isa = PBXFileReference; lastKnownFileType = sourcecode.swift; path = AppDelegate.swift; sourceTree = "<group>"; };
		4B2ECF4228EA341300F6636D /* Base */ = {isa = PBXFileReference; lastKnownFileType = file.storyboard; name = Base; path = Base.lproj/Main.storyboard; sourceTree = "<group>"; };
		4B2ECF4428EA341500F6636D /* Assets.xcassets */ = {isa = PBXFileReference; lastKnownFileType = folder.assetcatalog; path = Assets.xcassets; sourceTree = "<group>"; };
		4B2ECF4728EA341500F6636D /* Base */ = {isa = PBXFileReference; lastKnownFileType = file.storyboard; name = Base; path = Base.lproj/LaunchScreen.storyboard; sourceTree = "<group>"; };
		4B2ECF4928EA341500F6636D /* Info.plist */ = {isa = PBXFileReference; lastKnownFileType = text.plist.xml; path = Info.plist; sourceTree = "<group>"; };
		4BBD6E062967965D00F16701 /* Person.swift */ = {isa = PBXFileReference; lastKnownFileType = sourcecode.swift; path = Person.swift; sourceTree = "<group>"; };
		4BE1ACEF29683FEB0049DC84 /* DataManager.swift */ = {isa = PBXFileReference; lastKnownFileType = sourcecode.swift; path = DataManager.swift; sourceTree = "<group>"; };
		4BE1ACF829684EC70049DC84 /* TabBarViewController.swift */ = {isa = PBXFileReference; lastKnownFileType = sourcecode.swift; path = TabBarViewController.swift; sourceTree = "<group>"; };
		4BE1ACFE296852A10049DC84 /* ContactListViewController.swift */ = {isa = PBXFileReference; lastKnownFileType = sourcecode.swift; path = ContactListViewController.swift; sourceTree = "<group>"; };
		4BE1AD00296852B40049DC84 /* SectionTableViewController.swift */ = {isa = PBXFileReference; lastKnownFileType = sourcecode.swift; path = SectionTableViewController.swift; sourceTree = "<group>"; };
		4BE1AD02296855380049DC84 /* ContactDetailsViewController.swift */ = {isa = PBXFileReference; lastKnownFileType = sourcecode.swift; path = ContactDetailsViewController.swift; sourceTree = "<group>"; };
/* End PBXFileReference section */

/* Begin PBXFrameworksBuildPhase section */
		4B2ECF3528EA341300F6636D /* Frameworks */ = {
			isa = PBXFrameworksBuildPhase;
			buildActionMask = 2147483647;
			files = (
			);
			runOnlyForDeploymentPostprocessing = 0;
		};
/* End PBXFrameworksBuildPhase section */

/* Begin PBXGroup section */
		4B2ECF2F28EA341300F6636D = {
			isa = PBXGroup;
			children = (
				4B2ECF3A28EA341300F6636D /* PersonsList */,
				4B2ECF3928EA341300F6636D /* Products */,
			);
			sourceTree = "<group>";
		};
		4B2ECF3928EA341300F6636D /* Products */ = {
			isa = PBXGroup;
			children = (
				4B2ECF3828EA341300F6636D /* PersonsList.app */,
			);
			name = Products;
			sourceTree = "<group>";
		};
		4B2ECF3A28EA341300F6636D /* PersonsList */ = {
			isa = PBXGroup;
			children = (
				4BE1ACF62968432E0049DC84 /* Models */,
				4BE1ACF52968431C0049DC84 /* StoryBoards */,
				4BE1ACF4296843010049DC84 /* ViewControllers */,
				4BE1ACF1296842BD0049DC84 /* Servises */,
				4B2ECF4428EA341500F6636D /* Assets.xcassets */,
				4BE1ACF729684D090049DC84 /* App */,
			);
			path = PersonsList;
			sourceTree = "<group>";
		};
		4BE1ACF1296842BD0049DC84 /* Servises */ = {
			isa = PBXGroup;
			children = (
				4BE1ACEF29683FEB0049DC84 /* DataManager.swift */,
			);
			path = Servises;
			sourceTree = "<group>";
		};
		4BE1ACF4296843010049DC84 /* ViewControllers */ = {
			isa = PBXGroup;
			children = (
				4BE1ACF829684EC70049DC84 /* TabBarViewController.swift */,
				4BE1ACFE296852A10049DC84 /* ContactListViewController.swift */,
				4BE1AD00296852B40049DC84 /* SectionTableViewController.swift */,
				4BE1AD02296855380049DC84 /* ContactDetailsViewController.swift */,
			);
			path = ViewControllers;
			sourceTree = "<group>";
		};
		4BE1ACF52968431C0049DC84 /* StoryBoards */ = {
			isa = PBXGroup;
			children = (
				4B2ECF4628EA341500F6636D /* LaunchScreen.storyboard */,
				4B2ECF4128EA341300F6636D /* Main.storyboard */,
			);
			path = StoryBoards;
			sourceTree = "<group>";
		};
		4BE1ACF62968432E0049DC84 /* Models */ = {
			isa = PBXGroup;
			children = (
				4BBD6E062967965D00F16701 /* Person.swift */,
			);
			path = Models;
			sourceTree = "<group>";
		};
		4BE1ACF729684D090049DC84 /* App */ = {
			isa = PBXGroup;
			children = (
				4B2ECF3B28EA341300F6636D /* AppDelegate.swift */,
				4B2ECF4928EA341500F6636D /* Info.plist */,
			);
			path = App;
			sourceTree = "<group>";
		};
/* End PBXGroup section */

/* Begin PBXNativeTarget section */
		4B2ECF3728EA341300F6636D /* PersonsList */ = {
			isa = PBXNativeTarget;
			buildConfigurationList = 4B2ECF4C28EA341500F6636D /* Build configuration list for PBXNativeTarget "PersonsList" */;
			buildPhases = (
				4B2ECF3428EA341300F6636D /* Sources */,
				4B2ECF3528EA341300F6636D /* Frameworks */,
				4B2ECF3628EA341300F6636D /* Resources */,
			);
			buildRules = (
			);
			dependencies = (
			);
			name = PersonsList;
			productName = PersonsList;
			productReference = 4B2ECF3828EA341300F6636D /* PersonsList.app */;
			productType = "com.apple.product-type.application";
		};
/* End PBXNativeTarget section */

/* Begin PBXProject section */
		4B2ECF3028EA341300F6636D /* Project object */ = {
			isa = PBXProject;
			attributes = {
				BuildIndependentTargetsInParallel = 1;
				LastSwiftUpdateCheck = 1400;
				LastUpgradeCheck = 1400;
				TargetAttributes = {
					4B2ECF3728EA341300F6636D = {
						CreatedOnToolsVersion = 14.0;
					};
				};
			};
			buildConfigurationList = 4B2ECF3328EA341300F6636D /* Build configuration list for PBXProject "PersonsList" */;
			compatibilityVersion = "Xcode 14.0";
			developmentRegion = en;
			hasScannedForEncodings = 0;
			knownRegions = (
				en,
				Base,
			);
			mainGroup = 4B2ECF2F28EA341300F6636D;
			productRefGroup = 4B2ECF3928EA341300F6636D /* Products */;
			projectDirPath = "";
			projectRoot = "";
			targets = (
				4B2ECF3728EA341300F6636D /* PersonsList */,
			);
		};
/* End PBXProject section */

/* Begin PBXResourcesBuildPhase section */
		4B2ECF3628EA341300F6636D /* Resources */ = {
			isa = PBXResourcesBuildPhase;
			buildActionMask = 2147483647;
			files = (
				4B2ECF4828EA341500F6636D /* LaunchScreen.storyboard in Resources */,
				4B2ECF4528EA341500F6636D /* Assets.xcassets in Resources */,
				4B2ECF4328EA341300F6636D /* Main.storyboard in Resources */,
			);
			runOnlyForDeploymentPostprocessing = 0;
		};
/* End PBXResourcesBuildPhase section */

/* Begin PBXSourcesBuildPhase section */
		4B2ECF3428EA341300F6636D /* Sources */ = {
			isa = PBXSourcesBuildPhase;
			buildActionMask = 2147483647;
			files = (
				4B2ECF3C28EA341300F6636D /* AppDelegate.swift in Sources */,
				4BE1ACF029683FEB0049DC84 /* DataManager.swift in Sources */,
				4BBD6E072967965D00F16701 /* Person.swift in Sources */,
				4BE1ACF929684EC70049DC84 /* TabBarViewController.swift in Sources */,
				4BE1AD01296852B40049DC84 /* SectionTableViewController.swift in Sources */,
				4BE1AD03296855380049DC84 /* ContactDetailsViewController.swift in Sources */,
				4BE1ACFF296852A10049DC84 /* ContactListViewController.swift in Sources */,
			);
			runOnlyForDeploymentPostprocessing = 0;
		};
/* End PBXSourcesBuildPhase section */

/* Begin PBXVariantGroup section */
		4B2ECF4128EA341300F6636D /* Main.storyboard */ = {
			isa = PBXVariantGroup;
			children = (
				4B2ECF4228EA341300F6636D /* Base */,
			);
			name = Main.storyboard;
			sourceTree = "<group>";
		};
		4B2ECF4628EA341500F6636D /* LaunchScreen.storyboard */ = {
			isa = PBXVariantGroup;
			children = (
				4B2ECF4728EA341500F6636D /* Base */,
			);
			name = LaunchScreen.storyboard;
			sourceTree = "<group>";
		};
/* End PBXVariantGroup section */

/* Begin XCBuildConfiguration section */
		4B2ECF4A28EA341500F6636D /* Debug */ = {
			isa = XCBuildConfiguration;
			buildSettings = {
				ALWAYS_SEARCH_USER_PATHS = NO;
				CLANG_ANALYZER_NONNULL = YES;
				CLANG_ANALYZER_NUMBER_OBJECT_CONVERSION = YES_AGGRESSIVE;
				CLANG_CXX_LANGUAGE_STANDARD = "gnu++20";
				CLANG_ENABLE_MODULES = YES;
				CLANG_ENABLE_OBJC_ARC = YES;
				CLANG_ENABLE_OBJC_WEAK = YES;
				CLANG_WARN_BLOCK_CAPTURE_AUTORELEASING = YES;
				CLANG_WARN_BOOL_CONVERSION = YES;
				CLANG_WARN_COMMA = YES;
				CLANG_WARN_CONSTANT_CONVERSION = YES;
				CLANG_WARN_DEPRECATED_OBJC_IMPLEMENTATIONS = YES;
				CLANG_WARN_DIRECT_OBJC_ISA_USAGE = YES_ERROR;
				CLANG_WARN_DOCUMENTATION_COMMENTS = YES;
				CLANG_WARN_EMPTY_BODY = YES;
				CLANG_WARN_ENUM_CONVERSION = YES;
				CLANG_WARN_INFINITE_RECURSION = YES;
				CLANG_WARN_INT_CONVERSION = YES;
				CLANG_WARN_NON_LITERAL_NULL_CONVERSION = YES;
				CLANG_WARN_OBJC_IMPLICIT_RETAIN_SELF = YES;
				CLANG_WARN_OBJC_LITERAL_CONVERSION = YES;
				CLANG_WARN_OBJC_ROOT_CLASS = YES_ERROR;
				CLANG_WARN_QUOTED_INCLUDE_IN_FRAMEWORK_HEADER = YES;
				CLANG_WARN_RANGE_LOOP_ANALYSIS = YES;
				CLANG_WARN_STRICT_PROTOTYPES = YES;
				CLANG_WARN_SUSPICIOUS_MOVE = YES;
				CLANG_WARN_UNGUARDED_AVAILABILITY = YES_AGGRESSIVE;
				CLANG_WARN_UNREACHABLE_CODE = YES;
				CLANG_WARN__DUPLICATE_METHOD_MATCH = YES;
				COPY_PHASE_STRIP = NO;
				DEBUG_INFORMATION_FORMAT = dwarf;
				ENABLE_STRICT_OBJC_MSGSEND = YES;
				ENABLE_TESTABILITY = YES;
				GCC_C_LANGUAGE_STANDARD = gnu11;
				GCC_DYNAMIC_NO_PIC = NO;
				GCC_NO_COMMON_BLOCKS = YES;
				GCC_OPTIMIZATION_LEVEL = 0;
				GCC_PREPROCESSOR_DEFINITIONS = (
					"DEBUG=1",
					"$(inherited)",
				);
				GCC_WARN_64_TO_32_BIT_CONVERSION = YES;
				GCC_WARN_ABOUT_RETURN_TYPE = YES_ERROR;
				GCC_WARN_UNDECLARED_SELECTOR = YES;
				GCC_WARN_UNINITIALIZED_AUTOS = YES_AGGRESSIVE;
				GCC_WARN_UNUSED_FUNCTION = YES;
				GCC_WARN_UNUSED_VARIABLE = YES;
				IPHONEOS_DEPLOYMENT_TARGET = 16.0;
				MTL_ENABLE_DEBUG_INFO = INCLUDE_SOURCE;
				MTL_FAST_MATH = YES;
				ONLY_ACTIVE_ARCH = YES;
				SDKROOT = iphoneos;
				SWIFT_ACTIVE_COMPILATION_CONDITIONS = DEBUG;
				SWIFT_OPTIMIZATION_LEVEL = "-Onone";
			};
			name = Debug;
		};
		4B2ECF4B28EA341500F6636D /* Release */ = {
			isa = XCBuildConfiguration;
			buildSettings = {
				ALWAYS_SEARCH_USER_PATHS = NO;
				CLANG_ANALYZER_NONNULL = YES;
				CLANG_ANALYZER_NUMBER_OBJECT_CONVERSION = YES_AGGRESSIVE;
				CLANG_CXX_LANGUAGE_STANDARD = "gnu++20";
				CLANG_ENABLE_MODULES = YES;
				CLANG_ENABLE_OBJC_ARC = YES;
				CLANG_ENABLE_OBJC_WEAK = YES;
				CLANG_WARN_BLOCK_CAPTURE_AUTORELEASING = YES;
				CLANG_WARN_BOOL_CONVERSION = YES;
				CLANG_WARN_COMMA = YES;
				CLANG_WARN_CONSTANT_CONVERSION = YES;
				CLANG_WARN_DEPRECATED_OBJC_IMPLEMENTATIONS = YES;
				CLANG_WARN_DIRECT_OBJC_ISA_USAGE = YES_ERROR;
				CLANG_WARN_DOCUMENTATION_COMMENTS = YES;
				CLANG_WARN_EMPTY_BODY = YES;
				CLANG_WARN_ENUM_CONVERSION = YES;
				CLANG_WARN_INFINITE_RECURSION = YES;
				CLANG_WARN_INT_CONVERSION = YES;
				CLANG_WARN_NON_LITERAL_NULL_CONVERSION = YES;
				CLANG_WARN_OBJC_IMPLICIT_RETAIN_SELF = YES;
				CLANG_WARN_OBJC_LITERAL_CONVERSION = YES;
				CLANG_WARN_OBJC_ROOT_CLASS = YES_ERROR;
				CLANG_WARN_QUOTED_INCLUDE_IN_FRAMEWORK_HEADER = YES;
				CLANG_WARN_RANGE_LOOP_ANALYSIS = YES;
				CLANG_WARN_STRICT_PROTOTYPES = YES;
				CLANG_WARN_SUSPICIOUS_MOVE = YES;
				CLANG_WARN_UNGUARDED_AVAILABILITY = YES_AGGRESSIVE;
				CLANG_WARN_UNREACHABLE_CODE = YES;
				CLANG_WARN__DUPLICATE_METHOD_MATCH = YES;
				COPY_PHASE_STRIP = NO;
				DEBUG_INFORMATION_FORMAT = "dwarf-with-dsym";
				ENABLE_NS_ASSERTIONS = NO;
				ENABLE_STRICT_OBJC_MSGSEND = YES;
				GCC_C_LANGUAGE_STANDARD = gnu11;
				GCC_NO_COMMON_BLOCKS = YES;
				GCC_WARN_64_TO_32_BIT_CONVERSION = YES;
				GCC_WARN_ABOUT_RETURN_TYPE = YES_ERROR;
				GCC_WARN_UNDECLARED_SELECTOR = YES;
				GCC_WARN_UNINITIALIZED_AUTOS = YES_AGGRESSIVE;
				GCC_WARN_UNUSED_FUNCTION = YES;
				GCC_WARN_UNUSED_VARIABLE = YES;
				IPHONEOS_DEPLOYMENT_TARGET = 16.0;
				MTL_ENABLE_DEBUG_INFO = NO;
				MTL_FAST_MATH = YES;
				SDKROOT = iphoneos;
				SWIFT_COMPILATION_MODE = wholemodule;
				SWIFT_OPTIMIZATION_LEVEL = "-O";
				VALIDATE_PRODUCT = YES;
			};
			name = Release;
		};
		4B2ECF4D28EA341500F6636D /* Debug */ = {
			isa = XCBuildConfiguration;
			buildSettings = {
				ASSETCATALOG_COMPILER_APPICON_NAME = AppIcon;
				ASSETCATALOG_COMPILER_GLOBAL_ACCENT_COLOR_NAME = AccentColor;
				CODE_SIGN_STYLE = Automatic;
				CURRENT_PROJECT_VERSION = 1;
				DEVELOPMENT_TEAM = 3MJZB4HK3Y;
				GENERATE_INFOPLIST_FILE = YES;
				INFOPLIST_FILE = PersonsList/App/Info.plist;
				INFOPLIST_KEY_UIApplicationSupportsIndirectInputEvents = YES;
				INFOPLIST_KEY_UILaunchStoryboardName = LaunchScreen;
				INFOPLIST_KEY_UIMainStoryboardFile = Main;
				INFOPLIST_KEY_UISupportedInterfaceOrientations_iPad = "UIInterfaceOrientationPortrait UIInterfaceOrientationPortraitUpsideDown UIInterfaceOrientationLandscapeLeft UIInterfaceOrientationLandscapeRight";
				INFOPLIST_KEY_UISupportedInterfaceOrientations_iPhone = "UIInterfaceOrientationPortrait UIInterfaceOrientationLandscapeLeft UIInterfaceOrientationLandscapeRight";
				LD_RUNPATH_SEARCH_PATHS = (
					"$(inherited)",
					"@executable_path/Frameworks",
				);
				MARKETING_VERSION = 1.0;
				PRODUCT_BUNDLE_IDENTIFIER = YakovlefS.PersonsList;
				PRODUCT_NAME = "$(TARGET_NAME)";
				SWIFT_EMIT_LOC_STRINGS = YES;
				SWIFT_VERSION = 5.0;
				TARGETED_DEVICE_FAMILY = "1,2";
			};
			name = Debug;
		};
		4B2ECF4E28EA341500F6636D /* Release */ = {
			isa = XCBuildConfiguration;
			buildSettings = {
				ASSETCATALOG_COMPILER_APPICON_NAME = AppIcon;
				ASSETCATALOG_COMPILER_GLOBAL_ACCENT_COLOR_NAME = AccentColor;
				CODE_SIGN_STYLE = Automatic;
				CURRENT_PROJECT_VERSION = 1;
				DEVELOPMENT_TEAM = 3MJZB4HK3Y;
				GENERATE_INFOPLIST_FILE = YES;
				INFOPLIST_FILE = PersonsList/App/Info.plist;
				INFOPLIST_KEY_UIApplicationSupportsIndirectInputEvents = YES;
				INFOPLIST_KEY_UILaunchStoryboardName = LaunchScreen;
				INFOPLIST_KEY_UIMainStoryboardFile = Main;
				INFOPLIST_KEY_UISupportedInterfaceOrientations_iPad = "UIInterfaceOrientationPortrait UIInterfaceOrientationPortraitUpsideDown UIInterfaceOrientationLandscapeLeft UIInterfaceOrientationLandscapeRight";
				INFOPLIST_KEY_UISupportedInterfaceOrientations_iPhone = "UIInterfaceOrientationPortrait UIInterfaceOrientationLandscapeLeft UIInterfaceOrientationLandscapeRight";
				LD_RUNPATH_SEARCH_PATHS = (
					"$(inherited)",
					"@executable_path/Frameworks",
				);
				MARKETING_VERSION = 1.0;
				PRODUCT_BUNDLE_IDENTIFIER = YakovlefS.PersonsList;
				PRODUCT_NAME = "$(TARGET_NAME)";
				SWIFT_EMIT_LOC_STRINGS = YES;
				SWIFT_VERSION = 5.0;
				TARGETED_DEVICE_FAMILY = "1,2";
			};
			name = Release;
		};
/* End XCBuildConfiguration section */

/* Begin XCConfigurationList section */
		4B2ECF3328EA341300F6636D /* Build configuration list for PBXProject "PersonsList" */ = {
			isa = XCConfigurationList;
			buildConfigurations = (
				4B2ECF4A28EA341500F6636D /* Debug */,
				4B2ECF4B28EA341500F6636D /* Release */,
			);
			defaultConfigurationIsVisible = 0;
			defaultConfigurationName = Release;
		};
		4B2ECF4C28EA341500F6636D /* Build configuration list for PBXNativeTarget "PersonsList" */ = {
			isa = XCConfigurationList;
			buildConfigurations = (
				4B2ECF4D28EA341500F6636D /* Debug */,
				4B2ECF4E28EA341500F6636D /* Release */,
			);
			defaultConfigurationIsVisible = 0;
			defaultConfigurationName = Release;
		};
/* End XCConfigurationList section */
	};
	rootObject = 4B2ECF3028EA341300F6636D /* Project object */;
}
